
Microsoft Visual Studio Solution File, Format Version 12.00
# Visual Studio 2013
VisualStudioVersion = 12.0.31101.0
MinimumVisualStudioVersion = 10.0.40219.1
Project("{FAE04EC0-301F-11D3-BF4B-00C04F79EFBC}") = "LuceneAdvancedSearchApplication", "LuceneAdvancedSearchApplication\LuceneAdvancedSearchApplication.csproj", "{551B0201-70A7-4448-9F48-20B9B966A466}"
EndProject
Global
	GlobalSection(SolutionConfigurationPlatforms) = preSolution
		Debug|Any CPU = Debug|Any CPU
		Release|Any CPU = Release|Any CPU
	EndGlobalSection
	GlobalSection(ProjectConfigurationPlatforms) = postSolution
		{551B0201-70A7-4448-9F48-20B9B966A466}.Debug|Any CPU.ActiveCfg = Debug|Any CPU
		{551B0201-70A7-4448-9F48-20B9B966A466}.Debug|Any CPU.Build.0 = Debug|Any CPU
		{551B0201-70A7-4448-9F48-20B9B966A466}.Release|Any CPU.ActiveCfg = Release|Any CPU
		{551B0201-70A7-4448-9F48-20B9B966A466}.Release|Any CPU.Build.0 = Release|Any CPU
	EndGlobalSection
	GlobalSection(SolutionProperties) = preSolution
		HideSolutionNode = FALSE
	EndGlobalSection
EndGlobal
