
Microsoft Visual Studio Solution File, Format Version 12.00
# Visual Studio 2013
VisualStudioVersion = 12.0.31101.0
MinimumVisualStudioVersion = 10.0.40219.1
Project("{FAE04EC0-301F-11D3-BF4B-00C04F79EFBC}") = "DirectoryRead", "DirectoryRead\DirectoryRead.csproj", "{EFE018AF-D176-405E-8401-39F91BAB9329}"
EndProject
Global
	GlobalSection(SolutionConfigurationPlatforms) = preSolution
		Debug|Any CPU = Debug|Any CPU
		Release|Any CPU = Release|Any CPU
	EndGlobalSection
	GlobalSection(ProjectConfigurationPlatforms) = postSolution
		{EFE018AF-D176-405E-8401-39F91BAB9329}.Debug|Any CPU.ActiveCfg = Debug|Any CPU
		{EFE018AF-D176-405E-8401-39F91BAB9329}.Debug|Any CPU.Build.0 = Debug|Any CPU
		{EFE018AF-D176-405E-8401-39F91BAB9329}.Release|Any CPU.ActiveCfg = Release|Any CPU
		{EFE018AF-D176-405E-8401-39F91BAB9329}.Release|Any CPU.Build.0 = Release|Any CPU
	EndGlobalSection
	GlobalSection(SolutionProperties) = preSolution
		HideSolutionNode = FALSE
	EndGlobalSection
EndGlobal
